{
  "originHash" : "2f5777679c647c50702f8fbc43d475e69d7f7f12fed1920d927bc85556ef6701",
  "pins" : [
    {
      "identity" : "audiokit",
      "kind" : "remoteSourceControl",
      "location" : "https://github.com/AudioKit/AudioKit",
      "state" : {
        "revision" : "2ebd422855e4645d3169f83d1765d1c8196b4f46",
        "version" : "5.6.4"
      }
    },
    {
      "identity" : "audiokitex",
      "kind" : "remoteSourceControl",
      "location" : "https://github.com/AudioKit/AudioKitEX",
      "state" : {
        "revision" : "58fa4a002028a2addf96466dd5ad68182e7d387e",
        "version" : "5.6.0"
      }
    },
    {
      "identity" : "barebones",
      "kind" : "remoteSourceControl",
      "location" : "https://github.com/curzel-it/barebones",
      "state" : {
        "revision" : "3c0d647c8be47247aaeaafc41acfc0e538cdf716",
        "version" : "1.0.4"
      }
    },
    {
      "identity" : "keychainaccess",
      "kind" : "remoteSourceControl",
      "location" : "https://github.com/kishikawakatsumi/KeychainAccess",
      "state" : {
        "revision" : "84e546727d66f1adc5439debad16270d0fdd04e7",
        "version" : "4.2.2"
      }
    },
    {
      "identity" : "kissfft",
      "kind" : "remoteSourceControl",
      "location" : "https://github.com/AudioKit/KissFFT",
      "state" : {
        "revision" : "dd0636e151724b8ba2e0908eba4d99a6ff24d00c",
        "version" : "1.0.0"
      }
    },
    {
      "identity" : "notagif",
      "kind" : "remoteSourceControl",
      "location" : "https://github.com/curzel-it/NotAGif",
      "state" : {
        "revision" : "cdcff2cd114aac80724b562cd5305df04a7b9995",
        "version" : "1.0.8"
      }
    },
    {
      "identity" : "schwifty",
      "kind" : "remoteSourceControl",
      "location" : "https://github.com/curzel-it/Schwifty",
      "state" : {
        "revision" : "9620d6a851f4c81c458cfa37fe50d0906f872a9c",
        "version" : "1.2.9"
      }
    },
    {
      "identity" : "soundpipeaudiokit",
      "kind" : "remoteSourceControl",
      "location" : "https://github.com/AudioKit/SoundpipeAudioKit",
      "state" : {
        "revision" : "ee7d9542078ae48b24744a67c0350a12f9de354b",
        "version" : "5.6.1"
      }
    },
    {
      "identity" : "swinject",
      "kind" : "remoteSourceControl",
      "location" : "https://github.com/Swinject/Swinject",
      "state" : {
        "revision" : "be9dbcc7b86811bc131539a20c6f9c2d3e56919f",
        "version" : "2.9.1"
      }
    }
  ],
  "version" : 3
}
